
Microsoft Visual Studio Solution File, Format Version 12.00
# Visual Studio Version 17
VisualStudioVersion = 17.11.35222.181
MinimumVisualStudioVersion = 10.0.40219.1
Project("{FAE04EC0-301F-11D3-BF4B-00C04F79EFBC}") = "linked_list", "linked_list\linked_list.csproj", "{6411CFDF-FBB5-4CA2-B756-90487C12BB3B}"
EndProject
Global
	GlobalSection(SolutionConfigurationPlatforms) = preSolution
		Debug|Any CPU = Debug|Any CPU
		Release|Any CPU = Release|Any CPU
	EndGlobalSection
	GlobalSection(ProjectConfigurationPlatforms) = postSolution
		{6411CFDF-FBB5-4CA2-B756-90487C12BB3B}.Debug|Any CPU.ActiveCfg = Debug|Any CPU
		{6411CFDF-FBB5-4CA2-B756-90487C12BB3B}.Debug|Any CPU.Build.0 = Debug|Any CPU
		{6411CFDF-FBB5-4CA2-B756-90487C12BB3B}.Release|Any CPU.ActiveCfg = Release|Any CPU
		{6411CFDF-FBB5-4CA2-B756-90487C12BB3B}.Release|Any CPU.Build.0 = Release|Any CPU
	EndGlobalSection
	GlobalSection(SolutionProperties) = preSolution
		HideSolutionNode = FALSE
	EndGlobalSection
	GlobalSection(ExtensibilityGlobals) = postSolution
		SolutionGuid = {A02A149D-5CC4-45EB-B3E8-F7AC4ADF6A4A}
	EndGlobalSection
EndGlobal
